# Code generated by scarb DO NOT EDIT.
version = 1

[[package]]
name = "alexandria_storage"
version = "0.3.0"
source = "git+https://github.com/keep-starknet-strange/alexandria.git#98aadc7e3f12dbb026e853604fe2cc061451cc8a"

[[package]]
name = "cargopool"
version = "0.1.0"
dependencies = [
 "alexandria_storage",
 "snforge_std",
]

[[package]]
name = "snforge_std"
version = "0.1.0"
source = "git+https://github.com/foundry-rs/starknet-foundry.git?tag=v0.13.1#e1412ed040d10e66be0fd84115f72a667b57a116"
